# THIS IS AN AUTOGENERATED FILE. DO NOT EDIT THIS FILE DIRECTLY.
# yarn lockfile v1


"@minapp/component-demo@^2.0.0":
  version "2.0.0"
  resolved "https://registry.yarnpkg.com/@minapp/component-demo/-/component-demo-2.0.0.tgz#7711e062fa9bd0fba5bf081043c6cff0b059752c"
  dependencies:
    "@minapp/component-toast" "^2.0.0"

"@minapp/component-toast@^2.0.0":
  version "2.0.0"
  resolved "https://registry.yarnpkg.com/@minapp/component-toast/-/component-toast-2.0.0.tgz#a68d9b766ae587586a9c8c474c40fae978e75cb7"

"@minapp/core@^2.0.0":
  version "2.0.0"
  resolved "https://registry.yarnpkg.com/@minapp/core/-/core-2.0.0.tgz#894f7b6eb71f45939c5879434f1c8c82866efd0d"
  dependencies:
    tslib "^1.9.0"

"@minapp/wx@latest":
  version "2.1.2"
  resolved "https://registry.yarnpkg.com/@minapp/wx/-/wx-2.1.2.tgz#a06861583e4f4d5e6e3313cbfa11c72f32f353cd"
  dependencies:
    tslib "^1.9.0"

babel-runtime@^6.24.0:
  version "6.26.0"
  resolved "https://registry.yarnpkg.com/babel-runtime/-/babel-runtime-6.26.0.tgz#965c7058668e82b55d7bfe04ff2337bc8b5647fe"
  dependencies:
    core-js "^2.4.0"
    regenerator-runtime "^0.11.0"

core-js@^2.4.0:
  version "2.5.7"
  resolved "https://registry.yarnpkg.com/core-js/-/core-js-2.5.7.tgz#f972608ff0cead68b841a16a932d0b183791814e"

regenerator-runtime@^0.11.0:
  version "0.11.1"
  resolved "https://registry.yarnpkg.com/regenerator-runtime/-/regenerator-runtime-0.11.1.tgz#be05ad7f9bf7d22e056f9726cee5017fbf19e2e9"

tslib@^1.9.0:
  version "1.9.3"
  resolved "https://registry.yarnpkg.com/tslib/-/tslib-1.9.3.tgz#d7e4dd79245d85428c4d7e4822a79917954ca286"
